
Microsoft Visual Studio Solution File, Format Version 12.00
# Visual Studio Version 17
VisualStudioVersion = 17.11.35327.3
MinimumVisualStudioVersion = 10.0.40219.1
Project("{778DAE3C-4631-46EA-AA77-85C1314464D9}") = "USB-Security-Monitor", "USB-Security-Monitor.vbproj", "{A6776CFD-435F-455F-A500-449AF28133F7}"
EndProject
Global
	GlobalSection(SolutionConfigurationPlatforms) = preSolution
		Debug|Any CPU = Debug|Any CPU
		Release|Any CPU = Release|Any CPU
	EndGlobalSection
	GlobalSection(ProjectConfigurationPlatforms) = postSolution
		{A6776CFD-435F-455F-A500-449AF28133F7}.Debug|Any CPU.ActiveCfg = Debug|Any CPU
		{A6776CFD-435F-455F-A500-449AF28133F7}.Debug|Any CPU.Build.0 = Debug|Any CPU
		{A6776CFD-435F-455F-A500-449AF28133F7}.Release|Any CPU.ActiveCfg = Release|Any CPU
		{A6776CFD-435F-455F-A500-449AF28133F7}.Release|Any CPU.Build.0 = Release|Any CPU
	EndGlobalSection
	GlobalSection(SolutionProperties) = preSolution
		HideSolutionNode = FALSE
	EndGlobalSection
	GlobalSection(ExtensibilityGlobals) = postSolution
		SolutionGuid = {6E3C5B1A-05AC-4D69-B9D2-B91BD051CF26}
	EndGlobalSection
EndGlobal
